
Microsoft Visual Studio Solution File, Format Version 12.00
# Visual Studio Version 17
VisualStudioVersion = 17.1.32210.238
MinimumVisualStudioVersion = 10.0.40219.1
Project("{8BC9CEB8-8B4A-11D0-8D11-00A0C91BC942}") = "CPPServer", "CPPServer\CPPServer.vcxproj", "{FC31FC54-9F09-49E0-8C6A-D88E5B1C4AFB}"
EndProject
Project("{FAE04EC0-301F-11D3-BF4B-00C04F79EFBC}") = "CSharpClient", "CSharpClient\CSharpClient.csproj", "{9E45F832-44FE-4A21-9CE8-B546E1C6049F}"
EndProject
Global
	GlobalSection(SolutionConfigurationPlatforms) = preSolution
		Debug|Any CPU = Debug|Any CPU
		Debug|x64 = Debug|x64
		Debug|x86 = Debug|x86
		Release|Any CPU = Release|Any CPU
		Release|x64 = Release|x64
		Release|x86 = Release|x86
	EndGlobalSection
	GlobalSection(ProjectConfigurationPlatforms) = postSolution
		{FC31FC54-9F09-49E0-8C6A-D88E5B1C4AFB}.Debug|Any CPU.ActiveCfg = Debug|x64
		{FC31FC54-9F09-49E0-8C6A-D88E5B1C4AFB}.Debug|Any CPU.Build.0 = Debug|x64
		{FC31FC54-9F09-49E0-8C6A-D88E5B1C4AFB}.Debug|x64.ActiveCfg = Debug|x64
		{FC31FC54-9F09-49E0-8C6A-D88E5B1C4AFB}.Debug|x64.Build.0 = Debug|x64
		{FC31FC54-9F09-49E0-8C6A-D88E5B1C4AFB}.Debug|x86.ActiveCfg = Debug|Win32
		{FC31FC54-9F09-49E0-8C6A-D88E5B1C4AFB}.Debug|x86.Build.0 = Debug|Win32
		{FC31FC54-9F09-49E0-8C6A-D88E5B1C4AFB}.Release|Any CPU.ActiveCfg = Release|x64
		{FC31FC54-9F09-49E0-8C6A-D88E5B1C4AFB}.Release|Any CPU.Build.0 = Release|x64
		{FC31FC54-9F09-49E0-8C6A-D88E5B1C4AFB}.Release|x64.ActiveCfg = Release|x64
		{FC31FC54-9F09-49E0-8C6A-D88E5B1C4AFB}.Release|x64.Build.0 = Release|x64
		{FC31FC54-9F09-49E0-8C6A-D88E5B1C4AFB}.Release|x86.ActiveCfg = Release|Win32
		{FC31FC54-9F09-49E0-8C6A-D88E5B1C4AFB}.Release|x86.Build.0 = Release|Win32
		{9E45F832-44FE-4A21-9CE8-B546E1C6049F}.Debug|Any CPU.ActiveCfg = Debug|Any CPU
		{9E45F832-44FE-4A21-9CE8-B546E1C6049F}.Debug|Any CPU.Build.0 = Debug|Any CPU
		{9E45F832-44FE-4A21-9CE8-B546E1C6049F}.Debug|x64.ActiveCfg = Debug|Any CPU
		{9E45F832-44FE-4A21-9CE8-B546E1C6049F}.Debug|x64.Build.0 = Debug|Any CPU
		{9E45F832-44FE-4A21-9CE8-B546E1C6049F}.Debug|x86.ActiveCfg = Debug|Any CPU
		{9E45F832-44FE-4A21-9CE8-B546E1C6049F}.Debug|x86.Build.0 = Debug|Any CPU
		{9E45F832-44FE-4A21-9CE8-B546E1C6049F}.Release|Any CPU.ActiveCfg = Release|Any CPU
		{9E45F832-44FE-4A21-9CE8-B546E1C6049F}.Release|Any CPU.Build.0 = Release|Any CPU
		{9E45F832-44FE-4A21-9CE8-B546E1C6049F}.Release|x64.ActiveCfg = Release|Any CPU
		{9E45F832-44FE-4A21-9CE8-B546E1C6049F}.Release|x64.Build.0 = Release|Any CPU
		{9E45F832-44FE-4A21-9CE8-B546E1C6049F}.Release|x86.ActiveCfg = Release|Any CPU
		{9E45F832-44FE-4A21-9CE8-B546E1C6049F}.Release|x86.Build.0 = Release|Any CPU
	EndGlobalSection
	GlobalSection(SolutionProperties) = preSolution
		HideSolutionNode = FALSE
	EndGlobalSection
	GlobalSection(ExtensibilityGlobals) = postSolution
		SolutionGuid = {876027B9-581A-445E-859A-A17D771477DD}
	EndGlobalSection
EndGlobal
